<?xml version="1.0" encoding="utf-8"?>
<Project ToolsVersion="14.0" xmlns="http://schemas.microsoft.com/developer/msbuild/2003">
  <ItemGroup>
    <ClCompile Include="C:\Users\palla\Documents\Qt\calculator_widget\Bullet.cpp">
      <Filter>Source Files</Filter>
    </ClCompile>
    <ClCompile Include="C:\Users\palla\Documents\Qt\calculator_widget\Enemy.cpp">
      <Filter>Source Files</Filter>
    </ClCompile>
    <ClCompile Include="C:\Users\palla\Documents\Qt\calculator_widget\Game.cpp">
      <Filter>Source Files</Filter>
    </ClCompile>
    <ClCompile Include="C:\Users\palla\Documents\Qt\calculator_widget\Health.cpp">
      <Filter>Source Files</Filter>
    </ClCompile>
    <ClCompile Include="C:\Users\palla\Documents\Qt\calculator_widget\Player.cpp">
      <Filter>Source Files</Filter>
    </ClCompile>
    <ClCompile Include="C:\Users\palla\Documents\Qt\calculator_widget\Score.cpp">
      <Filter>Source Files</Filter>
    </ClCompile>
    <ClCompile Include="C:\Users\palla\Documents\Qt\calculator_widget\main.cpp">
      <Filter>Source Files</Filter>
    </ClCompile>
    <ClCompile Include="C:\Users\palla\Documents\Qt\calculator_widget\calculator_autogen\mocs_compilation.cpp">
      <Filter>Source Files</Filter>
    </ClCompile>
    <ClCompile Include="C:\Users\palla\Documents\Qt\calculator_widget\calculator_autogen\EWIEGA46WW\qrc_res.cpp">
      <Filter>Source Files</Filter>
    </ClCompile>
  </ItemGroup>
  <ItemGroup>
    <ClInclude Include="C:\Users\palla\Documents\Qt\calculator_widget\Bullet.h">
      <Filter>Header Files</Filter>
    </ClInclude>
    <ClInclude Include="C:\Users\palla\Documents\Qt\calculator_widget\Enemy.h">
      <Filter>Header Files</Filter>
    </ClInclude>
    <ClInclude Include="C:\Users\palla\Documents\Qt\calculator_widget\Game.h">
      <Filter>Header Files</Filter>
    </ClInclude>
    <ClInclude Include="C:\Users\palla\Documents\Qt\calculator_widget\Health.h">
      <Filter>Header Files</Filter>
    </ClInclude>
    <ClInclude Include="C:\Users\palla\Documents\Qt\calculator_widget\Player.h">
      <Filter>Header Files</Filter>
    </ClInclude>
    <ClInclude Include="C:\Users\palla\Documents\Qt\calculator_widget\Score.h">
      <Filter>Header Files</Filter>
    </ClInclude>
  </ItemGroup>
  <ItemGroup>
    <CustomBuild Include="C:\Users\palla\Documents\Qt\calculator_widget\CMakeFiles\84448d182858f8d6f390869190689c1d\qrc_res.cpp.rule">
      <Filter>CMake Rules</Filter>
    </CustomBuild>
    <CustomBuild Include="C:\Users\palla\Documents\Qt\calculator_widget\CMakeLists.txt" />
  </ItemGroup>
  <ItemGroup>
    <None Include="C:\Users\palla\Documents\Qt\calculator_widget\res.qrc" />
  </ItemGroup>
  <ItemGroup>
    <Filter Include="CMake Rules">
      <UniqueIdentifier>{8D9904D4-3DC7-3A7D-A2D6-A1A36D486967}</UniqueIdentifier>
    </Filter>
    <Filter Include="Header Files">
      <UniqueIdentifier>{9CF89C8D-CB77-39CA-9390-23E73A400740}</UniqueIdentifier>
    </Filter>
    <Filter Include="Source Files">
      <UniqueIdentifier>{E96324DD-8B01-3343-9517-3C667FF23976}</UniqueIdentifier>
    </Filter>
  </ItemGroup>
</Project>
